// !$*UTF8*$!
{
	archiveVersion = 1;
	classes = {
	};
	objectVersion = 46;
	objects = {

/* Begin PBXBuildFile section */
		042D2DC91D6ABB4C00D650F3 /* main.m in Sources */ = {isa = PBXBuildFile; fileRef = 042D2DC81D6ABB4C00D650F3 /* main.m */; };
		042D2DCC1D6ABB4C00D650F3 /* AppDelegate.m in Sources */ = {isa = PBXBuildFile; fileRef = 042D2DCB1D6ABB4C00D650F3 /* AppDelegate.m */; };
		042D2DCF1D6ABB4C00D650F3 /* ViewController.m in Sources */ = {isa = PBXBuildFile; fileRef = 042D2DCE1D6ABB4C00D650F3 /* ViewController.m */; };
		042D2DD21D6ABB4C00D650F3 /* Main.storyboard in Resources */ = {isa = PBXBuildFile; fileRef = 042D2DD01D6ABB4C00D650F3 /* Main.storyboard */; };
		042D2DD41D6ABB4C00D650F3 /* Assets.xcassets in Resources */ = {isa = PBXBuildFile; fileRef = 042D2DD31D6ABB4C00D650F3 /* Assets.xcassets */; };
		042D2DD71D6ABB4C00D650F3 /* LaunchScreen.storyboard in Resources */ = {isa = PBXBuildFile; fileRef = 042D2DD51D6ABB4C00D650F3 /* LaunchScreen.storyboard */; };
		042D2DE21D6ABB4D00D650F3 /* _weiboTests.m in Sources */ = {isa = PBXBuildFile; fileRef = 042D2DE11D6ABB4D00D650F3 /* _weiboTests.m */; };
		042D2DED1D6ABB4D00D650F3 /* _weiboUITests.m in Sources */ = {isa = PBXBuildFile; fileRef = 042D2DEC1D6ABB4D00D650F3 /* _weiboUITests.m */; };
/* End PBXBuildFile section */

/* Begin PBXContainerItemProxy section */
		042D2DDE1D6ABB4D00D650F3 /* PBXContainerItemProxy */ = {
			isa = PBXContainerItemProxy;
			containerPortal = 042D2DBC1D6ABB4C00D650F3 /* Project object */;
			proxyType = 1;
			remoteGlobalIDString = 042D2DC31D6ABB4C00D650F3;
			remoteInfo = _weibo;
		};
		042D2DE91D6ABB4D00D650F3 /* PBXContainerItemProxy */ = {
			isa = PBXContainerItemProxy;
			containerPortal = 042D2DBC1D6ABB4C00D650F3 /* Project object */;
			proxyType = 1;
			remoteGlobalIDString = 042D2DC31D6ABB4C00D650F3;
			remoteInfo = _weibo;
		};
/* End PBXContainerItemProxy section */

/* Begin PBXFileReference section */
		042D2DC41D6ABB4C00D650F3 /* _weibo.app */ = {isa = PBXFileReference; explicitFileType = wrapper.application; includeInIndex = 0; path = _weibo.app; sourceTree = BUILT_PRODUCTS_DIR; };
		042D2DC81D6ABB4C00D650F3 /* main.m */ = {isa = PBXFileReference; lastKnownFileType = sourcecode.c.objc; path = main.m; sourceTree = "<group>"; };
		042D2DCA1D6ABB4C00D650F3 /* AppDelegate.h */ = {isa = PBXFileReference; lastKnownFileType = sourcecode.c.h; path = AppDelegate.h; sourceTree = "<group>"; };
		042D2DCB1D6ABB4C00D650F3 /* AppDelegate.m */ = {isa = PBXFileReference; lastKnownFileType = sourcecode.c.objc; path = AppDelegate.m; sourceTree = "<group>"; };
		042D2DCD1D6ABB4C00D650F3 /* ViewController.h */ = {isa = PBXFileReference; lastKnownFileType = sourcecode.c.h; path = ViewController.h; sourceTree = "<group>"; };
		042D2DCE1D6ABB4C00D650F3 /* ViewController.m */ = {isa = PBXFileReference; lastKnownFileType = sourcecode.c.objc; path = ViewController.m; sourceTree = "<group>"; };
		042D2DD11D6ABB4C00D650F3 /* Base */ = {isa = PBXFileReference; lastKnownFileType = file.storyboard; name = Base; path = Base.lproj/Main.storyboard; sourceTree = "<group>"; };
		042D2DD31D6ABB4C00D650F3 /* Assets.xcassets */ = {isa = PBXFileReference; lastKnownFileType = folder.assetcatalog; path = Assets.xcassets; sourceTree = "<group>"; };
		042D2DD61D6ABB4C00D650F3 /* Base */ = {isa = PBXFileReference; lastKnownFileType = file.storyboard; name = Base; path = Base.lproj/LaunchScreen.storyboard; sourceTree = "<group>"; };
		042D2DD81D6ABB4C00D650F3 /* Info.plist */ = {isa = PBXFileReference; lastKnownFileType = text.plist.xml; path = Info.plist; sourceTree = "<group>"; };
		042D2DDD1D6ABB4D00D650F3 /* _weiboTests.xctest */ = {isa = PBXFileReference; explicitFileType = wrapper.cfbundle; includeInIndex = 0; path = _weiboTests.xctest; sourceTree = BUILT_PRODUCTS_DIR; };
		042D2DE11D6ABB4D00D650F3 /* _weiboTests.m */ = {isa = PBXFileReference; lastKnownFileType = sourcecode.c.objc; path = _weiboTests.m; sourceTree = "<group>"; };
		042D2DE31D6ABB4D00D650F3 /* Info.plist */ = {isa = PBXFileReference; lastKnownFileType = text.plist.xml; path = Info.plist; sourceTree = "<group>"; };
		042D2DE81D6ABB4D00D650F3 /* _weiboUITests.xctest */ = {isa = PBXFileReference; explicitFileType = wrapper.cfbundle; includeInIndex = 0; path = _weiboUITests.xctest; sourceTree = BUILT_PRODUCTS_DIR; };
		042D2DEC1D6ABB4D00D650F3 /* _weiboUITests.m */ = {isa = PBXFileReference; lastKnownFileType = sourcecode.c.objc; path = _weiboUITests.m; sourceTree = "<group>"; };
		042D2DEE1D6ABB4D00D650F3 /* Info.plist */ = {isa = PBXFileReference; lastKnownFileType = text.plist.xml; path = Info.plist; sourceTree = "<group>"; };
/* End PBXFileReference section */

/* Begin PBXFrameworksBuildPhase section */
		042D2DC11D6ABB4C00D650F3 /* Frameworks */ = {
			isa = PBXFrameworksBuildPhase;
			buildActionMask = 2147483647;
			files = (
			);
			runOnlyForDeploymentPostprocessing = 0;
		};
		042D2DDA1D6ABB4D00D650F3 /* Frameworks */ = {
			isa = PBXFrameworksBuildPhase;
			buildActionMask = 2147483647;
			files = (
			);
			runOnlyForDeploymentPostprocessing = 0;
		};
		042D2DE51D6ABB4D00D650F3 /* Frameworks */ = {
			isa = PBXFrameworksBuildPhase;
			buildActionMask = 2147483647;
			files = (
			);
			runOnlyForDeploymentPostprocessing = 0;
		};
/* End PBXFrameworksBuildPhase section */

/* Begin PBXGroup section */
		042D2DBB1D6ABB4C00D650F3 = {
			isa = PBXGroup;
			children = (
				042D2DC61D6ABB4C00D650F3 /* _weibo */,
				042D2DE01D6ABB4D00D650F3 /* _weiboTests */,
				042D2DEB1D6ABB4D00D650F3 /* _weiboUITests */,
				042D2DC51D6ABB4C00D650F3 /* Products */,
			);
			sourceTree = "<group>";
		};
		042D2DC51D6ABB4C00D650F3 /* Products */ = {
			isa = PBXGroup;
			children = (
				042D2DC41D6ABB4C00D650F3 /* _weibo.app */,
				042D2DDD1D6ABB4D00D650F3 /* _weiboTests.xctest */,
				042D2DE81D6ABB4D00D650F3 /* _weiboUITests.xctest */,
			);
			name = Products;
			sourceTree = "<group>";
		};
		042D2DC61D6ABB4C00D650F3 /* _weibo */ = {
			isa = PBXGroup;
			children = (
				042D2DCA1D6ABB4C00D650F3 /* AppDelegate.h */,
				042D2DCB1D6ABB4C00D650F3 /* AppDelegate.m */,
				042D2DCD1D6ABB4C00D650F3 /* ViewController.h */,
				042D2DCE1D6ABB4C00D650F3 /* ViewController.m */,
				042D2DD01D6ABB4C00D650F3 /* Main.storyboard */,
				042D2DD31D6ABB4C00D650F3 /* Assets.xcassets */,
				042D2DD51D6ABB4C00D650F3 /* LaunchScreen.storyboard */,
				042D2DD81D6ABB4C00D650F3 /* Info.plist */,
				042D2DC71D6ABB4C00D650F3 /* Supporting Files */,
			);
			path = _weibo;
			sourceTree = "<group>";
		};
		042D2DC71D6ABB4C00D650F3 /* Supporting Files */ = {
			isa = PBXGroup;
			children = (
				042D2DC81D6ABB4C00D650F3 /* main.m */,
			);
			name = "Supporting Files";
			sourceTree = "<group>";
		};
		042D2DE01D6ABB4D00D650F3 /* _weiboTests */ = {
			isa = PBXGroup;
			children = (
				042D2DE11D6ABB4D00D650F3 /* _weiboTests.m */,
				042D2DE31D6ABB4D00D650F3 /* Info.plist */,
			);
			path = _weiboTests;
			sourceTree = "<group>";
		};
		042D2DEB1D6ABB4D00D650F3 /* _weiboUITests */ = {
			isa = PBXGroup;
			children = (
				042D2DEC1D6ABB4D00D650F3 /* _weiboUITests.m */,
				042D2DEE1D6ABB4D00D650F3 /* Info.plist */,
			);
			path = _weiboUITests;
			sourceTree = "<group>";
		};
/* End PBXGroup section */

/* Begin PBXNativeTarget section */
		042D2DC31D6ABB4C00D650F3 /* _weibo */ = {
			isa = PBXNativeTarget;
			buildConfigurationList = 042D2DF11D6ABB4D00D650F3 /* Build configuration list for PBXNativeTarget "_weibo" */;
			buildPhases = (
				042D2DC01D6ABB4C00D650F3 /* Sources */,
				042D2DC11D6ABB4C00D650F3 /* Frameworks */,
				042D2DC21D6ABB4C00D650F3 /* Resources */,
			);
			buildRules = (
			);
			dependencies = (
			);
			name = _weibo;
			productName = _weibo;
			productReference = 042D2DC41D6ABB4C00D650F3 /* _weibo.app */;
			productType = "com.apple.product-type.application";
		};
		042D2DDC1D6ABB4D00D650F3 /* _weiboTests */ = {
			isa = PBXNativeTarget;
			buildConfigurationList = 042D2DF41D6ABB4D00D650F3 /* Build configuration list for PBXNativeTarget "_weiboTests" */;
			buildPhases = (
				042D2DD91D6ABB4D00D650F3 /* Sources */,
				042D2DDA1D6ABB4D00D650F3 /* Frameworks */,
				042D2DDB1D6ABB4D00D650F3 /* Resources */,
			);
			buildRules = (
			);
			dependencies = (
				042D2DDF1D6ABB4D00D650F3 /* PBXTargetDependency */,
			);
			name = _weiboTests;
			productName = _weiboTests;
			productReference = 042D2DDD1D6ABB4D00D650F3 /* _weiboTests.xctest */;
			productType = "com.apple.product-type.bundle.unit-test";
		};
		042D2DE71D6ABB4D00D650F3 /* _weiboUITests */ = {
			isa = PBXNativeTarget;
			buildConfigurationList = 042D2DF71D6ABB4D00D650F3 /* Build configuration list for PBXNativeTarget "_weiboUITests" */;
			buildPhases = (
				042D2DE41D6ABB4D00D650F3 /* Sources */,
				042D2DE51D6ABB4D00D650F3 /* Frameworks */,
				042D2DE61D6ABB4D00D650F3 /* Resources */,
			);
			buildRules = (
			);
			dependencies = (
				042D2DEA1D6ABB4D00D650F3 /* PBXTargetDependency */,
			);
			name = _weiboUITests;
			productName = _weiboUITests;
			productReference = 042D2DE81D6ABB4D00D650F3 /* _weiboUITests.xctest */;
			productType = "com.apple.product-type.bundle.ui-testing";
		};
/* End PBXNativeTarget section */

/* Begin PBXProject section */
		042D2DBC1D6ABB4C00D650F3 /* Project object */ = {
			isa = PBXProject;
			attributes = {
				LastUpgradeCheck = 0720;
				ORGANIZATIONNAME = LiuChao;
				TargetAttributes = {
					042D2DC31D6ABB4C00D650F3 = {
						CreatedOnToolsVersion = 7.2;
					};
					042D2DDC1D6ABB4D00D650F3 = {
						CreatedOnToolsVersion = 7.2;
						TestTargetID = 042D2DC31D6ABB4C00D650F3;
					};
					042D2DE71D6ABB4D00D650F3 = {
						CreatedOnToolsVersion = 7.2;
						TestTargetID = 042D2DC31D6ABB4C00D650F3;
					};
				};
			};
			buildConfigurationList = 042D2DBF1D6ABB4C00D650F3 /* Build configuration list for PBXProject "_weibo" */;
			compatibilityVersion = "Xcode 3.2";
			developmentRegion = English;
			hasScannedForEncodings = 0;
			knownRegions = (
				en,
				Base,
			);
			mainGroup = 042D2DBB1D6ABB4C00D650F3;
			productRefGroup = 042D2DC51D6ABB4C00D650F3 /* Products */;
			projectDirPath = "";
			projectRoot = "";
			targets = (
				042D2DC31D6ABB4C00D650F3 /* _weibo */,
				042D2DDC1D6ABB4D00D650F3 /* _weiboTests */,
				042D2DE71D6ABB4D00D650F3 /* _weiboUITests */,
			);
		};
/* End PBXProject section */

/* Begin PBXResourcesBuildPhase section */
		042D2DC21D6ABB4C00D650F3 /* Resources */ = {
			isa = PBXResourcesBuildPhase;
			buildActionMask = 2147483647;
			files = (
				042D2DD71D6ABB4C00D650F3 /* LaunchScreen.storyboard in Resources */,
				042D2DD41D6ABB4C00D650F3 /* Assets.xcassets in Resources */,
				042D2DD21D6ABB4C00D650F3 /* Main.storyboard in Resources */,
			);
			runOnlyForDeploymentPostprocessing = 0;
		};
		042D2DDB1D6ABB4D00D650F3 /* Resources */ = {
			isa = PBXResourcesBuildPhase;
			buildActionMask = 2147483647;
			files = (
			);
			runOnlyForDeploymentPostprocessing = 0;
		};
		042D2DE61D6ABB4D00D650F3 /* Resources */ = {
			isa = PBXResourcesBuildPhase;
			buildActionMask = 2147483647;
			files = (
			);
			runOnlyForDeploymentPostprocessing = 0;
		};
/* End PBXResourcesBuildPhase section */

/* Begin PBXSourcesBuildPhase section */
		042D2DC01D6ABB4C00D650F3 /* Sources */ = {
			isa = PBXSourcesBuildPhase;
			buildActionMask = 2147483647;
			files = (
				042D2DCF1D6ABB4C00D650F3 /* ViewController.m in Sources */,
				042D2DCC1D6ABB4C00D650F3 /* AppDelegate.m in Sources */,
				042D2DC91D6ABB4C00D650F3 /* main.m in Sources */,
			);
			runOnlyForDeploymentPostprocessing = 0;
		};
		042D2DD91D6ABB4D00D650F3 /* Sources */ = {
			isa = PBXSourcesBuildPhase;
			buildActionMask = 2147483647;
			files = (
				042D2DE21D6ABB4D00D650F3 /* _weiboTests.m in Sources */,
			);
			runOnlyForDeploymentPostprocessing = 0;
		};
		042D2DE41D6ABB4D00D650F3 /* Sources */ = {
			isa = PBXSourcesBuildPhase;
			buildActionMask = 2147483647;
			files = (
				042D2DED1D6ABB4D00D650F3 /* _weiboUITests.m in Sources */,
			);
			runOnlyForDeploymentPostprocessing = 0;
		};
/* End PBXSourcesBuildPhase section */

/* Begin PBXTargetDependency section */
		042D2DDF1D6ABB4D00D650F3 /* PBXTargetDependency */ = {
			isa = PBXTargetDependency;
			target = 042D2DC31D6ABB4C00D650F3 /* _weibo */;
			targetProxy = 042D2DDE1D6ABB4D00D650F3 /* PBXContainerItemProxy */;
		};
		042D2DEA1D6ABB4D00D650F3 /* PBXTargetDependency */ = {
			isa = PBXTargetDependency;
			target = 042D2DC31D6ABB4C00D650F3 /* _weibo */;
			targetProxy = 042D2DE91D6ABB4D00D650F3 /* PBXContainerItemProxy */;
		};
/* End PBXTargetDependency section */

/* Begin PBXVariantGroup section */
		042D2DD01D6ABB4C00D650F3 /* Main.storyboard */ = {
			isa = PBXVariantGroup;
			children = (
				042D2DD11D6ABB4C00D650F3 /* Base */,
			);
			name = Main.storyboard;
			sourceTree = "<group>";
		};
		042D2DD51D6ABB4C00D650F3 /* LaunchScreen.storyboard */ = {
			isa = PBXVariantGroup;
			children = (
				042D2DD61D6ABB4C00D650F3 /* Base */,
			);
			name = LaunchScreen.storyboard;
			sourceTree = "<group>";
		};
/* End PBXVariantGroup section */

/* Begin XCBuildConfiguration section */
		042D2DEF1D6ABB4D00D650F3 /* Debug */ = {
			isa = XCBuildConfiguration;
			buildSettings = {
				ALWAYS_SEARCH_USER_PATHS = NO;
				CLANG_CXX_LANGUAGE_STANDARD = "gnu++0x";
				CLANG_CXX_LIBRARY = "libc++";
				CLANG_ENABLE_MODULES = YES;
				CLANG_ENABLE_OBJC_ARC = YES;
				CLANG_WARN_BOOL_CONVERSION = YES;
				CLANG_WARN_CONSTANT_CONVERSION = YES;
				CLANG_WARN_DIRECT_OBJC_ISA_USAGE = YES_ERROR;
				CLANG_WARN_EMPTY_BODY = YES;
				CLANG_WARN_ENUM_CONVERSION = YES;
				CLANG_WARN_INT_CONVERSION = YES;
				CLANG_WARN_OBJC_ROOT_CLASS = YES_ERROR;
				CLANG_WARN_UNREACHABLE_CODE = YES;
				CLANG_WARN__DUPLICATE_METHOD_MATCH = YES;
				"CODE_SIGN_IDENTITY[sdk=iphoneos*]" = "iPhone Developer";
				COPY_PHASE_STRIP = NO;
				DEBUG_INFORMATION_FORMAT = dwarf;
				ENABLE_STRICT_OBJC_MSGSEND = YES;
				ENABLE_TESTABILITY = YES;
				GCC_C_LANGUAGE_STANDARD = gnu99;
				GCC_DYNAMIC_NO_PIC = NO;
				GCC_NO_COMMON_BLOCKS = YES;
				GCC_OPTIMIZATION_LEVEL = 0;
				GCC_PREPROCESSOR_DEFINITIONS = (
					"DEBUG=1",
					"$(inherited)",
				);
				GCC_WARN_64_TO_32_BIT_CONVERSION = YES;
				GCC_WARN_ABOUT_RETURN_TYPE = YES_ERROR;
				GCC_WARN_UNDECLARED_SELECTOR = YES;
				GCC_WARN_UNINITIALIZED_AUTOS = YES_AGGRESSIVE;
				GCC_WARN_UNUSED_FUNCTION = YES;
				GCC_WARN_UNUSED_VARIABLE = YES;
				IPHONEOS_DEPLOYMENT_TARGET = 9.2;
				MTL_ENABLE_DEBUG_INFO = YES;
				ONLY_ACTIVE_ARCH = YES;
				SDKROOT = iphoneos;
				TARGETED_DEVICE_FAMILY = "1,2";
			};
			name = Debug;
		};
		042D2DF01D6ABB4D00D650F3 /* Release */ = {
			isa = XCBuildConfiguration;
			buildSettings = {
				ALWAYS_SEARCH_USER_PATHS = NO;
				CLANG_CXX_LANGUAGE_STANDARD = "gnu++0x";
				CLANG_CXX_LIBRARY = "libc++";
				CLANG_ENABLE_MODULES = YES;
				CLANG_ENABLE_OBJC_ARC = YES;
				CLANG_WARN_BOOL_CONVERSION = YES;
				CLANG_WARN_CONSTANT_CONVERSION = YES;
				CLANG_WARN_DIRECT_OBJC_ISA_USAGE = YES_ERROR;
				CLANG_WARN_EMPTY_BODY = YES;
				CLANG_WARN_ENUM_CONVERSION = YES;
				CLANG_WARN_INT_CONVERSION = YES;
				CLANG_WARN_OBJC_ROOT_CLASS = YES_ERROR;
				CLANG_WARN_UNREACHABLE_CODE = YES;
				CLANG_WARN__DUPLICATE_METHOD_MATCH = YES;
				"CODE_SIGN_IDENTITY[sdk=iphoneos*]" = "iPhone Developer";
				COPY_PHASE_STRIP = NO;
				DEBUG_INFORMATION_FORMAT = "dwarf-with-dsym";
				ENABLE_NS_ASSERTIONS = NO;
				ENABLE_STRICT_OBJC_MSGSEND = YES;
				GCC_C_LANGUAGE_STANDARD = gnu99;
				GCC_NO_COMMON_BLOCKS = YES;
				GCC_WARN_64_TO_32_BIT_CONVERSION = YES;
				GCC_WARN_ABOUT_RETURN_TYPE = YES_ERROR;
				GCC_WARN_UNDECLARED_SELECTOR = YES;
				GCC_WARN_UNINITIALIZED_AUTOS = YES_AGGRESSIVE;
				GCC_WARN_UNUSED_FUNCTION = YES;
				GCC_WARN_UNUSED_VARIABLE = YES;
				IPHONEOS_DEPLOYMENT_TARGET = 9.2;
				MTL_ENABLE_DEBUG_INFO = NO;
				SDKROOT = iphoneos;
				TARGETED_DEVICE_FAMILY = "1,2";
				VALIDATE_PRODUCT = YES;
			};
			name = Release;
		};
		042D2DF21D6ABB4D00D650F3 /* Debug */ = {
			isa = XCBuildConfiguration;
			buildSettings = {
				ASSETCATALOG_COMPILER_APPICON_NAME = AppIcon;
				INFOPLIST_FILE = _weibo/Info.plist;
				LD_RUNPATH_SEARCH_PATHS = "$(inherited) @executable_path/Frameworks";
				PRODUCT_BUNDLE_IDENTIFIER = "wxhl.-weibo";
				PRODUCT_NAME = "$(TARGET_NAME)";
			};
			name = Debug;
		};
		042D2DF31D6ABB4D00D650F3 /* Release */ = {
			isa = XCBuildConfiguration;
			buildSettings = {
				ASSETCATALOG_COMPILER_APPICON_NAME = AppIcon;
				INFOPLIST_FILE = _weibo/Info.plist;
				LD_RUNPATH_SEARCH_PATHS = "$(inherited) @executable_path/Frameworks";
				PRODUCT_BUNDLE_IDENTIFIER = "wxhl.-weibo";
				PRODUCT_NAME = "$(TARGET_NAME)";
			};
			name = Release;
		};
		042D2DF51D6ABB4D00D650F3 /* Debug */ = {
			isa = XCBuildConfiguration;
			buildSettings = {
				BUNDLE_LOADER = "$(TEST_HOST)";
				INFOPLIST_FILE = _weiboTests/Info.plist;
				LD_RUNPATH_SEARCH_PATHS = "$(inherited) @executable_path/Frameworks @loader_path/Frameworks";
				PRODUCT_BUNDLE_IDENTIFIER = "wxhl.-weiboTests";
				PRODUCT_NAME = "$(TARGET_NAME)";
				TEST_HOST = "$(BUILT_PRODUCTS_DIR)/_weibo.app/_weibo";
			};
			name = Debug;
		};
		042D2DF61D6ABB4D00D650F3 /* Release */ = {
			isa = XCBuildConfiguration;
			buildSettings = {
				BUNDLE_LOADER = "$(TEST_HOST)";
				INFOPLIST_FILE = _weiboTests/Info.plist;
				LD_RUNPATH_SEARCH_PATHS = "$(inherited) @executable_path/Frameworks @loader_path/Frameworks";
				PRODUCT_BUNDLE_IDENTIFIER = "wxhl.-weiboTests";
				PRODUCT_NAME = "$(TARGET_NAME)";
				TEST_HOST = "$(BUILT_PRODUCTS_DIR)/_weibo.app/_weibo";
			};
			name = Release;
		};
		042D2DF81D6ABB4D00D650F3 /* Debug */ = {
			isa = XCBuildConfiguration;
			buildSettings = {
				INFOPLIST_FILE = _weiboUITests/Info.plist;
				LD_RUNPATH_SEARCH_PATHS = "$(inherited) @executable_path/Frameworks @loader_path/Frameworks";
				PRODUCT_BUNDLE_IDENTIFIER = "wxhl.-weiboUITests";
				PRODUCT_NAME = "$(TARGET_NAME)";
				TEST_TARGET_NAME = _weibo;
				USES_XCTRUNNER = YES;
			};
			name = Debug;
		};
		042D2DF91D6ABB4D00D650F3 /* Release */ = {
			isa = XCBuildConfiguration;
			buildSettings = {
				INFOPLIST_FILE = _weiboUITests/Info.plist;
				LD_RUNPATH_SEARCH_PATHS = "$(inherited) @executable_path/Frameworks @loader_path/Frameworks";
				PRODUCT_BUNDLE_IDENTIFIER = "wxhl.-weiboUITests";
				PRODUCT_NAME = "$(TARGET_NAME)";
				TEST_TARGET_NAME = _weibo;
				USES_XCTRUNNER = YES;
			};
			name = Release;
		};
/* End XCBuildConfiguration section */

/* Begin XCConfigurationList section */
		042D2DBF1D6ABB4C00D650F3 /* Build configuration list for PBXProject "_weibo" */ = {
			isa = XCConfigurationList;
			buildConfigurations = (
				042D2DEF1D6ABB4D00D650F3 /* Debug */,
				042D2DF01D6ABB4D00D650F3 /* Release */,
			);
			defaultConfigurationIsVisible = 0;
			defaultConfigurationName = Release;
		};
		042D2DF11D6ABB4D00D650F3 /* Build configuration list for PBXNativeTarget "_weibo" */ = {
			isa = XCConfigurationList;
			buildConfigurations = (
				042D2DF21D6ABB4D00D650F3 /* Debug */,
				042D2DF31D6ABB4D00D650F3 /* Release */,
			);
			defaultConfigurationIsVisible = 0;
		};
		042D2DF41D6ABB4D00D650F3 /* Build configuration list for PBXNativeTarget "_weiboTests" */ = {
			isa = XCConfigurationList;
			buildConfigurations = (
				042D2DF51D6ABB4D00D650F3 /* Debug */,
				042D2DF61D6ABB4D00D650F3 /* Release */,
			);
			defaultConfigurationIsVisible = 0;
		};
		042D2DF71D6ABB4D00D650F3 /* Build configuration list for PBXNativeTarget "_weiboUITests" */ = {
			isa = XCConfigurationList;
			buildConfigurations = (
				042D2DF81D6ABB4D00D650F3 /* Debug */,
				042D2DF91D6ABB4D00D650F3 /* Release */,
			);
			defaultConfigurationIsVisible = 0;
		};
/* End XCConfigurationList section */
	};
	rootObject = 042D2DBC1D6ABB4C00D650F3 /* Project object */;
}
